<?xml version="1.0" encoding="utf-8"?>
<Project ToolsVersion="4.0" xmlns="http://schemas.microsoft.com/developer/msbuild/2003">
  <ItemGroup>
    <Filter Include="Blanco">
      <UniqueIdentifier>{94E6ACA9-8088-D77F-6943-EBD355845ED0}</UniqueIdentifier>
    </Filter>
    <Filter Include="Blanco\Events">
      <UniqueIdentifier>{F8E3F216-64A4-6E4D-2DDF-B7CA995EB329}</UniqueIdentifier>
    </Filter>
    <Filter Include="Blanco\ImGui">
      <UniqueIdentifier>{BEFAF400-AA5D-84A5-53E3-BC5B3F255028}</UniqueIdentifier>
    </Filter>
    <Filter Include="Platform">
      <UniqueIdentifier>{2AC788B4-1694-E3BF-3FAD-D1672BD9184E}</UniqueIdentifier>
    </Filter>
    <Filter Include="Platform\OpenGL">
      <UniqueIdentifier>{1E7D2C1D-8A08-9AE1-9319-1DD6FF23F6E1}</UniqueIdentifier>
    </Filter>
    <Filter Include="Platform\Windows">
      <UniqueIdentifier>{64FBD71A-50F4-F66C-7926-DCF1657ED678}</UniqueIdentifier>
    </Filter>
  </ItemGroup>
  <ItemGroup>
    <ClInclude Include="src\BLpch.h" />
    <ClInclude Include="src\Blanco.h" />
    <ClInclude Include="src\Blanco\Application.h">
      <Filter>Blanco</Filter>
    </ClInclude>
    <ClInclude Include="src\Blanco\Core.h">
      <Filter>Blanco</Filter>
    </ClInclude>
    <ClInclude Include="src\Blanco\EntryPoint.h">
      <Filter>Blanco</Filter>
    </ClInclude>
    <ClInclude Include="src\Blanco\Events\ApplicationEvent.h">
      <Filter>Blanco\Events</Filter>
    </ClInclude>
    <ClInclude Include="src\Blanco\Events\Event.h">
      <Filter>Blanco\Events</Filter>
    </ClInclude>
    <ClInclude Include="src\Blanco\Events\KeyEvent.h">
      <Filter>Blanco\Events</Filter>
    </ClInclude>
    <ClInclude Include="src\Blanco\Events\MouseEvent.h">
      <Filter>Blanco\Events</Filter>
    </ClInclude>
    <ClInclude Include="src\Blanco\ImGui\ImguiLayer.h">
      <Filter>Blanco\ImGui</Filter>
    </ClInclude>
    <ClInclude Include="src\Blanco\Layer.h">
      <Filter>Blanco</Filter>
    </ClInclude>
    <ClInclude Include="src\Blanco\LayerStack.h">
      <Filter>Blanco</Filter>
    </ClInclude>
    <ClInclude Include="src\Blanco\Log.h">
      <Filter>Blanco</Filter>
    </ClInclude>
    <ClInclude Include="src\Blanco\Window.h">
      <Filter>Blanco</Filter>
    </ClInclude>
    <ClInclude Include="src\Platform\OpenGL\ImguiOpenGLRenderer.h">
      <Filter>Platform\OpenGL</Filter>
    </ClInclude>
    <ClInclude Include="src\Platform\OpenGL\ImguiOpenGLRendererLoader.h">
      <Filter>Platform\OpenGL</Filter>
    </ClInclude>
    <ClInclude Include="src\Platform\Windows\WindowsWindow.h">
      <Filter>Platform\Windows</Filter>
    </ClInclude>
    <ClInclude Include="src\Blanco\Input.h">
      <Filter>Blanco</Filter>
    </ClInclude>
    <ClInclude Include="src\Platform\Windows\WindowsInput.h">
      <Filter>Platform\Windows</Filter>
    </ClInclude>
    <ClInclude Include="src\Blanco\KeyCodes.h" />
    <ClInclude Include="src\Blanco\MouseButtonCodes.h" />
  </ItemGroup>
  <ItemGroup>
    <ClCompile Include="src\BLpch.cpp" />
    <ClCompile Include="src\Blanco\Application.cpp">
      <Filter>Blanco</Filter>
    </ClCompile>
    <ClCompile Include="src\Blanco\ImGui\ImguiLayer.cpp">
      <Filter>Blanco\ImGui</Filter>
    </ClCompile>
    <ClCompile Include="src\Blanco\Layer.cpp">
      <Filter>Blanco</Filter>
    </ClCompile>
    <ClCompile Include="src\Blanco\LayerStack.cpp">
      <Filter>Blanco</Filter>
    </ClCompile>
    <ClCompile Include="src\Blanco\Log.cpp">
      <Filter>Blanco</Filter>
    </ClCompile>
    <ClCompile Include="src\Platform\OpenGL\ImguiOpenGLRenderer.cpp">
      <Filter>Platform\OpenGL</Filter>
    </ClCompile>
    <ClCompile Include="src\Platform\Windows\WindowsWindow.cpp">
      <Filter>Platform\Windows</Filter>
    </ClCompile>
    <ClCompile Include="src\Platform\Windows\WindowsInput.cpp" />
  </ItemGroup>
</Project>