<?xml version="1.0" encoding="utf-8"?>
<Project ToolsVersion="4.0" xmlns="http://schemas.microsoft.com/developer/msbuild/2003">
  <ItemGroup>
    <Filter Include="Blanco">
      <UniqueIdentifier>{94E6ACA9-8088-D77F-6943-EBD355845ED0}</UniqueIdentifier>
    </Filter>
  </ItemGroup>
  <ItemGroup>
    <ClInclude Include="src\Blanco.h" />
    <ClInclude Include="src\Blanco\Application.h">
      <Filter>Blanco</Filter>
    </ClInclude>
    <ClInclude Include="src\Blanco\Core.h">
      <Filter>Blanco</Filter>
    </ClInclude>
    <ClInclude Include="src\Blanco\EntryPoint.h">
      <Filter>Blanco</Filter>
    </ClInclude>
    <ClInclude Include="src\Blanco\Log.h">
      <Filter>Blanco</Filter>
    </ClInclude>
    <ClInclude Include="src\Blanco\Events\Event.h" />
    <ClInclude Include="src\Blanco\Events\Key.h" />
    <ClInclude Include="src\Blanco\Events\Mouse.h" />
    <ClInclude Include="src\Blanco\Events\Application.h" />
  </ItemGroup>
  <ItemGroup>
    <ClCompile Include="src\Blanco\Application.cpp">
      <Filter>Blanco</Filter>
    </ClCompile>
    <ClCompile Include="src\Blanco\Log.cpp">
      <Filter>Blanco</Filter>
    </ClCompile>
  </ItemGroup>
</Project>